PATH
  remote: ..
  specs:
    maxitest (4.4.1)
      minitest (>= 5.0.0, < 5.19.0)

GEM
  remote: https://rubygems.org/
  specs:
    diff-lcs (1.5.0)
    minitest (5.16.3)
    rake (13.0.6)
    rspec (3.11.0)
      rspec-core (~> 3.11.0)
      rspec-expectations (~> 3.11.0)
      rspec-mocks (~> 3.11.0)
    rspec-core (3.11.0)
      rspec-support (~> 3.11.0)
    rspec-expectations (3.11.1)
      diff-lcs (>= 1.2.0, < 2.0)
      rspec-support (~> 3.11.0)
    rspec-mocks (3.11.1)
      diff-lcs (>= 1.2.0, < 2.0)
      rspec-support (~> 3.11.0)
    rspec-support (3.11.1)

PLATFORMS
  arm64-darwin-21
  ruby

DEPENDENCIES
  maxitest!
  minitest (~> 5.16.0)
  rake
  rspec

BUNDLED WITH
   2.3.12
