PATH
  remote: ..
  specs:
    maxitest (5.4.0)
      minitest (>= 5.14.0, < 5.24.0)

GEM
  remote: https://rubygems.org/
  specs:
    diff-lcs (1.5.1)
    minitest (5.23.1)
    rake (13.2.1)
    rspec (3.13.0)
      rspec-core (~> 3.13.0)
      rspec-expectations (~> 3.13.0)
      rspec-mocks (~> 3.13.0)
    rspec-core (3.13.0)
      rspec-support (~> 3.13.0)
    rspec-expectations (3.13.0)
      diff-lcs (>= 1.2.0, < 2.0)
      rspec-support (~> 3.13.0)
    rspec-mocks (3.13.1)
      diff-lcs (>= 1.2.0, < 2.0)
      rspec-support (~> 3.13.0)
    rspec-support (3.13.1)

PLATFORMS
  arm64-darwin-23
  ruby

DEPENDENCIES
  maxitest!
  minitest (~> 5.23.0)
  rake
  rspec

BUNDLED WITH
   2.5.7
