PATH
  remote: ..
  specs:
    maxitest (6.1.0)
      minitest (>= 5.20.0, < 5.28.0)

GEM
  remote: https://rubygems.org/
  specs:
    diff-lcs (1.6.1)
    minitest (5.24.1)
    rake (13.2.1)
    rspec (3.13.0)
      rspec-core (~> 3.13.0)
      rspec-expectations (~> 3.13.0)
      rspec-mocks (~> 3.13.0)
    rspec-core (3.13.3)
      rspec-support (~> 3.13.0)
    rspec-expectations (3.13.3)
      diff-lcs (>= 1.2.0, < 2.0)
      rspec-support (~> 3.13.0)
    rspec-mocks (3.13.2)
      diff-lcs (>= 1.2.0, < 2.0)
      rspec-support (~> 3.13.0)
    rspec-support (3.13.2)

PLATFORMS
  arm64-darwin-23
  ruby

DEPENDENCIES
  maxitest!
  minitest (~> 5.24.0)
  rake
  rspec

BUNDLED WITH
   2.6.6
